
Microsoft Visual Studio Solution File, Format Version 12.00
# Visual Studio Version 17
VisualStudioVersion = 17.0.31903.59
MinimumVisualStudioVersion = 10.0.40219.1
Project("{2150E333-8FDC-42A3-9474-1A3956D46DE8}") = "api", "api", "{AFFD9071-A7B2-4B8C-8BD8-91297E5A810C}"
EndProject
Project("{FAE04EC0-301F-11D3-BF4B-00C04F79EFBC}") = "SkillLink.API", "api\SkillLink.API\SkillLink.API.csproj", "{C1F5F4E5-71CD-43A9-AEA0-8DF009635BCC}"
EndProject
Project("{2150E333-8FDC-42A3-9474-1A3956D46DE8}") = "tests", "tests", "{93863B98-0FC5-4580-AAF7-72188854FE8F}"
EndProject
Project("{FAE04EC0-301F-11D3-BF4B-00C04F79EFBC}") = "SkillLink.Tests", "tests\SkillLink.Tests\SkillLink.Tests.csproj", "{67D7BB84-277B-4EE7-BCDB-D858A1D60998}"
EndProject
Global
	GlobalSection(SolutionConfigurationPlatforms) = preSolution
		Debug|Any CPU = Debug|Any CPU
		Release|Any CPU = Release|Any CPU
	EndGlobalSection
	GlobalSection(SolutionProperties) = preSolution
		HideSolutionNode = FALSE
	EndGlobalSection
	GlobalSection(ProjectConfigurationPlatforms) = postSolution
		{C1F5F4E5-71CD-43A9-AEA0-8DF009635BCC}.Debug|Any CPU.ActiveCfg = Debug|Any CPU
		{C1F5F4E5-71CD-43A9-AEA0-8DF009635BCC}.Debug|Any CPU.Build.0 = Debug|Any CPU
		{C1F5F4E5-71CD-43A9-AEA0-8DF009635BCC}.Release|Any CPU.ActiveCfg = Release|Any CPU
		{C1F5F4E5-71CD-43A9-AEA0-8DF009635BCC}.Release|Any CPU.Build.0 = Release|Any CPU
		{67D7BB84-277B-4EE7-BCDB-D858A1D60998}.Debug|Any CPU.ActiveCfg = Debug|Any CPU
		{67D7BB84-277B-4EE7-BCDB-D858A1D60998}.Debug|Any CPU.Build.0 = Debug|Any CPU
		{67D7BB84-277B-4EE7-BCDB-D858A1D60998}.Release|Any CPU.ActiveCfg = Release|Any CPU
		{67D7BB84-277B-4EE7-BCDB-D858A1D60998}.Release|Any CPU.Build.0 = Release|Any CPU
	EndGlobalSection
	GlobalSection(NestedProjects) = preSolution
		{C1F5F4E5-71CD-43A9-AEA0-8DF009635BCC} = {AFFD9071-A7B2-4B8C-8BD8-91297E5A810C}
		{67D7BB84-277B-4EE7-BCDB-D858A1D60998} = {93863B98-0FC5-4580-AAF7-72188854FE8F}
	EndGlobalSection
EndGlobal
